
Microsoft Visual Studio Solution File, Format Version 12.00
# Visual Studio 15
VisualStudioVersion = 15.0.27703.2026
MinimumVisualStudioVersion = 10.0.40219.1
Project("{FAE04EC0-301F-11D3-BF4B-00C04F79EFBC}") = "myMoneAppAPI", "myMoneAppAPI\myMoneAppAPI.csproj", "{2B172C3B-05BD-41F2-A918-0BBE568EAB97}"
EndProject
Global
	GlobalSection(SolutionConfigurationPlatforms) = preSolution
		Debug|Any CPU = Debug|Any CPU
		Release|Any CPU = Release|Any CPU
	EndGlobalSection
	GlobalSection(ProjectConfigurationPlatforms) = postSolution
		{2B172C3B-05BD-41F2-A918-0BBE568EAB97}.Debug|Any CPU.ActiveCfg = Debug|Any CPU
		{2B172C3B-05BD-41F2-A918-0BBE568EAB97}.Debug|Any CPU.Build.0 = Debug|Any CPU
		{2B172C3B-05BD-41F2-A918-0BBE568EAB97}.Release|Any CPU.ActiveCfg = Release|Any CPU
		{2B172C3B-05BD-41F2-A918-0BBE568EAB97}.Release|Any CPU.Build.0 = Release|Any CPU
	EndGlobalSection
	GlobalSection(SolutionProperties) = preSolution
		HideSolutionNode = FALSE
	EndGlobalSection
	GlobalSection(ExtensibilityGlobals) = postSolution
		SolutionGuid = {2C6CAAF4-6E49-4F2B-883F-7F9A2BA37C83}
	EndGlobalSection
EndGlobal
